
Microsoft Visual Studio Solution File, Format Version 12.00
# Visual Studio Version 16
VisualStudioVersion = 16.0.30114.105
MinimumVisualStudioVersion = 10.0.40219.1
Project("{FAE04EC0-301F-11D3-BF4B-00C04F79EFBC}") = "WindowsFormsApp7", "WindowsFormsApp7\WindowsFormsApp7.csproj", "{0F32DE44-F0FB-4925-BB77-5F584187C0AA}"
EndProject
Global
	GlobalSection(SolutionConfigurationPlatforms) = preSolution
		Debug|Any CPU = Debug|Any CPU
		Release|Any CPU = Release|Any CPU
	EndGlobalSection
	GlobalSection(ProjectConfigurationPlatforms) = postSolution
		{0F32DE44-F0FB-4925-BB77-5F584187C0AA}.Debug|Any CPU.ActiveCfg = Debug|Any CPU
		{0F32DE44-F0FB-4925-BB77-5F584187C0AA}.Debug|Any CPU.Build.0 = Debug|Any CPU
		{0F32DE44-F0FB-4925-BB77-5F584187C0AA}.Release|Any CPU.ActiveCfg = Release|Any CPU
		{0F32DE44-F0FB-4925-BB77-5F584187C0AA}.Release|Any CPU.Build.0 = Release|Any CPU
	EndGlobalSection
	GlobalSection(SolutionProperties) = preSolution
		HideSolutionNode = FALSE
	EndGlobalSection
	GlobalSection(ExtensibilityGlobals) = postSolution
		SolutionGuid = {243DA6C2-9196-4AFF-8DC2-90A3938FFEBB}
	EndGlobalSection
EndGlobal
